
Microsoft Visual Studio Solution File, Format Version 12.00
# Visual Studio 15
VisualStudioVersion = 15.0.28307.106
MinimumVisualStudioVersion = 10.0.40219.1
Project("{FAE04EC0-301F-11D3-BF4B-00C04F79EFBC}") = "FizzBuzz-C-", "FizzBuzz-C-\FizzBuzz-C-.csproj", "{479E170A-A53C-4E56-8C15-6A4CAC480A78}"
EndProject
Global
	GlobalSection(SolutionConfigurationPlatforms) = preSolution
		Debug|Any CPU = Debug|Any CPU
		Release|Any CPU = Release|Any CPU
	EndGlobalSection
	GlobalSection(ProjectConfigurationPlatforms) = postSolution
		{479E170A-A53C-4E56-8C15-6A4CAC480A78}.Debug|Any CPU.ActiveCfg = Debug|Any CPU
		{479E170A-A53C-4E56-8C15-6A4CAC480A78}.Debug|Any CPU.Build.0 = Debug|Any CPU
		{479E170A-A53C-4E56-8C15-6A4CAC480A78}.Release|Any CPU.ActiveCfg = Release|Any CPU
		{479E170A-A53C-4E56-8C15-6A4CAC480A78}.Release|Any CPU.Build.0 = Release|Any CPU
	EndGlobalSection
	GlobalSection(SolutionProperties) = preSolution
		HideSolutionNode = FALSE
	EndGlobalSection
	GlobalSection(ExtensibilityGlobals) = postSolution
		SolutionGuid = {B338F2AC-208A-406A-A0A4-2B19AF30B980}
	EndGlobalSection
EndGlobal
